{
    "_readme": [
        "This file locks the dependencies of your project to a known state",
        "Read more about it at https://getcomposer.org/doc/01-basic-usage.md#installing-dependencies",
        "This file is @generated automatically"
    ],
    "content-hash": "8a8022ac985db43c0f3c1d65473cabb6",
    "packages": [
        {
            "name": "quilhasoft/opencnabphp",
            "version": "dev-master",
            "source": {
                "type": "git",
                "url": "https://github.com/QuilhaSoft/OpenCnabPHP.git",
                "reference": "c97823ff87aa2603e7eaa391887c8c02e4b86791"
            },
            "dist": {
                "type": "zip",
                "url": "https://api.github.com/repos/QuilhaSoft/OpenCnabPHP/zipball/c97823ff87aa2603e7eaa391887c8c02e4b86791",
                "reference": "c97823ff87aa2603e7eaa391887c8c02e4b86791",
                "shasum": ""
            },
            "require": {
                "php": ">=5.6"
            },
            "require-dev": {
                "codeclimate/php-test-reporter": "dev-master",
                "phpunit/phpunit": "^6.5"
            },
            "default-branch": true,
            "type": "library",
            "autoload": {
                "psr-4": {
                    "CnabPHP\\": [
                        "src"
                    ]
                }
            },
            "notification-url": "https://packagist.org/downloads/",
            "license": [
                "MIT"
            ],
            "authors": [
                {
                    "name": "Rogerio Muniz de Castro",
                    "email": "rogerio@quilhasoft.com.br"
                }
            ],
            "description": "Biblioteca multibanco para geração e leitura de arquivos Cnab de remessa e retorno",
            "keywords": [
                "boleto",
                "bradesco",
                "caixa",
                "cnab240",
                "cnab400",
                "cnabphp",
                "remessa",
                "retorno",
                "santander",
                "sicoob",
                "uniprime"
            ],
            "support": {
                "issues": "https://github.com/QuilhaSoft/OpenCnabPHP/issues",
                "source": "https://github.com/QuilhaSoft/OpenCnabPHP/tree/master"
            },
            "time": "2021-08-12T16:17:54+00:00"
        }
    ],
    "packages-dev": [],
    "aliases": [],
    "minimum-stability": "stable",
    "stability-flags": {
        "quilhasoft/opencnabphp": 20
    },
    "prefer-stable": false,
    "prefer-lowest": false,
    "platform": [],
    "platform-dev": [],
    "plugin-api-version": "2.1.0"
}
